<?xml version="1.0" encoding="utf-8"?>
<Project ToolsVersion="4.0" xmlns="http://schemas.microsoft.com/developer/msbuild/2003">
  <ItemGroup>
    <ClInclude Include="graphics\DrawableGameObject.h">
      <Filter>Headers\Graphics</Filter>
    </ClInclude>
    <ClInclude Include="main.h">
      <Filter>Headers</Filter>
    </ClInclude>
    <ClInclude Include="utility\structures.h">
      <Filter>Headers\Utility</Filter>
    </ClInclude>
    <ClInclude Include="utility\DDSTextureLoader.h">
      <Filter>Headers\Utility</Filter>
    </ClInclude>
    <ClInclude Include="utility\COMException.h">
      <Filter>Headers\Utility</Filter>
    </ClInclude>
    <ClInclude Include="utility\ErrorLogger.h">
      <Filter>Headers\Utility</Filter>
    </ClInclude>
    <ClInclude Include="utility\StringConverter.h">
      <Filter>Headers\Utility</Filter>
    </ClInclude>
    <ClInclude Include="graphics\Camera.h">
      <Filter>Headers\Graphics</Filter>
    </ClInclude>
    <ClInclude Include="Resources\Resource.h">
      <Filter>Resources\Miscellaneous</Filter>
    </ClInclude>
    <ClInclude Include="Input\Keyboard.h">
      <Filter>Headers\Input</Filter>
    </ClInclude>
    <ClInclude Include="Input\Mouse.h">
      <Filter>Headers\Input</Filter>
    </ClInclude>
    <ClInclude Include="..\External\imgui\imconfig.h">
      <Filter>Resources\ImGui</Filter>
    </ClInclude>
    <ClInclude Include="..\External\imgui\imgui.h">
      <Filter>Resources\ImGui</Filter>
    </ClInclude>
    <ClInclude Include="..\External\imgui\imgui_impl_dx11.h">
      <Filter>Resources\ImGui</Filter>
    </ClInclude>
    <ClInclude Include="..\External\imgui\imgui_impl_win32.h">
      <Filter>Resources\ImGui</Filter>
    </ClInclude>
    <ClInclude Include="..\External\imgui\imgui_internal.h">
      <Filter>Resources\ImGui</Filter>
    </ClInclude>
    <ClInclude Include="..\External\imgui\imstb_rectpack.h">
      <Filter>Resources\ImGui</Filter>
    </ClInclude>
    <ClInclude Include="..\External\imgui\imstb_textedit.h">
      <Filter>Resources\ImGui</Filter>
    </ClInclude>
    <ClInclude Include="..\External\imgui\imstb_truetype.h">
      <Filter>Resources\ImGui</Filter>
    </ClInclude>
    <ClInclude Include="Graphics\ImGuiManager.h">
      <Filter>Headers\Graphics</Filter>
    </ClInclude>
  </ItemGroup>
  <ItemGroup>
    <Filter Include="Headers">
      <UniqueIdentifier>{c4e360bd-b26b-427d-8c8f-bf538e819818}</UniqueIdentifier>
    </Filter>
    <Filter Include="Source">
      <UniqueIdentifier>{0fd4644f-3f49-4cc7-abf3-e3b76205f830}</UniqueIdentifier>
    </Filter>
    <Filter Include="Resources">
      <UniqueIdentifier>{67cdca99-f288-49be-9daf-e00f5bde2f3f}</UniqueIdentifier>
    </Filter>
    <Filter Include="Resources\Shaders">
      <UniqueIdentifier>{9a27f70a-f844-412d-9ce1-bb47abff26f4}</UniqueIdentifier>
    </Filter>
    <Filter Include="Resources\Textures">
      <UniqueIdentifier>{ca549a25-15a7-4c94-b484-7bded1559695}</UniqueIdentifier>
    </Filter>
    <Filter Include="Resources\Cursors">
      <UniqueIdentifier>{bdb809fc-b2ce-4333-9bcd-d7e1694cb1f0}</UniqueIdentifier>
    </Filter>
    <Filter Include="Resources\Fonts">
      <UniqueIdentifier>{e9ff957c-ff73-486d-85a0-1aa6b791695f}</UniqueIdentifier>
    </Filter>
    <Filter Include="Resources\Miscellaneous">
      <UniqueIdentifier>{1d8c2ef3-4f82-4770-b351-d61316d54cf2}</UniqueIdentifier>
    </Filter>
    <Filter Include="Resources\Icons">
      <UniqueIdentifier>{3011bfb3-13ff-4e7b-82e5-8ff35513d213}</UniqueIdentifier>
    </Filter>
    <Filter Include="Headers\Graphics">
      <UniqueIdentifier>{fde589aa-46c2-4274-9d8c-c591790231ae}</UniqueIdentifier>
    </Filter>
    <Filter Include="Source\Graphics">
      <UniqueIdentifier>{93d8350b-ee0d-418a-a358-b3105778b68f}</UniqueIdentifier>
    </Filter>
    <Filter Include="Source\Utility">
      <UniqueIdentifier>{c8aba2f5-1b87-4e8e-9d48-d3619677644e}</UniqueIdentifier>
    </Filter>
    <Filter Include="Headers\Utility">
      <UniqueIdentifier>{40ea2878-b1f0-4133-8159-0bf7748b8478}</UniqueIdentifier>
    </Filter>
    <Filter Include="Headers\Input">
      <UniqueIdentifier>{cd7154da-f20e-4b8e-9971-890eaeca8b3f}</UniqueIdentifier>
    </Filter>
    <Filter Include="Source\Input">
      <UniqueIdentifier>{b073e192-979d-4dd7-a1df-efc4ecf00a7b}</UniqueIdentifier>
    </Filter>
    <Filter Include="Resources\ImGui">
      <UniqueIdentifier>{892b92d8-932b-4911-8ab9-a95b026786c5}</UniqueIdentifier>
    </Filter>
  </ItemGroup>
  <ItemGroup>
    <Image Include="Resources\Textures\alpha_mayoris.jpg">
      <Filter>Resources\Textures</Filter>
    </Image>
    <Image Include="Resources\Textures\bricks_DISP.dds">
      <Filter>Resources\Textures</Filter>
    </Image>
    <Image Include="Resources\Textures\bricks_NORM.dds">
      <Filter>Resources\Textures</Filter>
    </Image>
    <Image Include="Resources\Textures\bricks_TEX.dds">
      <Filter>Resources\Textures</Filter>
    </Image>
    <Image Include="Resources\Textures\stone.dds">
      <Filter>Resources\Textures</Filter>
    </Image>
    <Image Include="Resources\directx.ico">
      <Filter>Resources\Icons</Filter>
    </Image>
  </ItemGroup>
  <ItemGroup>
    <ClCompile Include="graphics\DrawableGameObject.cpp">
      <Filter>Source\Graphics</Filter>
    </ClCompile>
    <ClCompile Include="main.cpp">
      <Filter>Source</Filter>
    </ClCompile>
    <ClCompile Include="utility\DDSTextureLoader.cpp">
      <Filter>Source\Utility</Filter>
    </ClCompile>
    <ClCompile Include="utility\ErrorLogger.cpp">
      <Filter>Source\Utility</Filter>
    </ClCompile>
    <ClCompile Include="utility\StringConverter.cpp">
      <Filter>Source\Utility</Filter>
    </ClCompile>
    <ClCompile Include="graphics\Camera.cpp">
      <Filter>Source\Graphics</Filter>
    </ClCompile>
    <ClCompile Include="Input\Mouse.cpp">
      <Filter>Source\Input</Filter>
    </ClCompile>
    <ClCompile Include="Input\Keyboard.cpp">
      <Filter>Source\Input</Filter>
    </ClCompile>
    <ClCompile Include="..\External\imgui\imgui.cpp">
      <Filter>Resources\ImGui</Filter>
    </ClCompile>
    <ClCompile Include="..\External\imgui\imgui_demo.cpp">
      <Filter>Resources\ImGui</Filter>
    </ClCompile>
    <ClCompile Include="..\External\imgui\imgui_draw.cpp">
      <Filter>Resources\ImGui</Filter>
    </ClCompile>
    <ClCompile Include="..\External\imgui\imgui_impl_dx11.cpp">
      <Filter>Resources\ImGui</Filter>
    </ClCompile>
    <ClCompile Include="..\External\imgui\imgui_impl_win32.cpp">
      <Filter>Resources\ImGui</Filter>
    </ClCompile>
    <ClCompile Include="..\External\imgui\imgui_widgets.cpp">
      <Filter>Resources\ImGui</Filter>
    </ClCompile>
    <ClCompile Include="Graphics\ImGuiManager.cpp">
      <Filter>Source\Graphics</Filter>
    </ClCompile>
  </ItemGroup>
  <ItemGroup>
    <FxCompile Include="Resources\Shaders\shader.fx">
      <Filter>Resources\Shaders</Filter>
    </FxCompile>
  </ItemGroup>
  <ItemGroup>
    <ResourceCompile Include="Resources\Tutorial01.rc">
      <Filter>Resources\Miscellaneous</Filter>
    </ResourceCompile>
  </ItemGroup>
  <ItemGroup>
    <None Include="Resources\Cursors\Link Select.ani">
      <Filter>Resources\Cursors</Filter>
    </None>
    <None Include="Resources\Cursors\Normal Select.ani">
      <Filter>Resources\Cursors</Filter>
    </None>
    <None Include="Resources\Fonts\open_sans_ms_16.spritefont">
      <Filter>Resources\Fonts</Filter>
    </None>
  </ItemGroup>
</Project>